
Microsoft Visual Studio Solution File, Format Version 12.00
# Visual Studio Version 17
VisualStudioVersion = 17.11.35303.130
MinimumVisualStudioVersion = 10.0.40219.1
Project("{FAE04EC0-301F-11D3-BF4B-00C04F79EFBC}") = "Generar Empleado", "Generar Empleado.csproj", "{CD03BCF3-642C-41CF-86D3-5CC98F2B4B9B}"
EndProject
Global
	GlobalSection(SolutionConfigurationPlatforms) = preSolution
		Debug|Any CPU = Debug|Any CPU
		Release|Any CPU = Release|Any CPU
	EndGlobalSection
	GlobalSection(ProjectConfigurationPlatforms) = postSolution
		{CD03BCF3-642C-41CF-86D3-5CC98F2B4B9B}.Debug|Any CPU.ActiveCfg = Debug|Any CPU
		{CD03BCF3-642C-41CF-86D3-5CC98F2B4B9B}.Debug|Any CPU.Build.0 = Debug|Any CPU
		{CD03BCF3-642C-41CF-86D3-5CC98F2B4B9B}.Release|Any CPU.ActiveCfg = Release|Any CPU
		{CD03BCF3-642C-41CF-86D3-5CC98F2B4B9B}.Release|Any CPU.Build.0 = Release|Any CPU
	EndGlobalSection
	GlobalSection(SolutionProperties) = preSolution
		HideSolutionNode = FALSE
	EndGlobalSection
	GlobalSection(ExtensibilityGlobals) = postSolution
		SolutionGuid = {FA6B486E-98BF-41FA-ABD1-D1CB91514AA5}
	EndGlobalSection
EndGlobal
